
Microsoft Visual Studio Solution File, Format Version 12.00
# Visual Studio Version 16
VisualStudioVersion = 16.0.31112.23
MinimumVisualStudioVersion = 10.0.40219.1
Project("{9A19103F-16F7-4668-BE54-9A1E7A4F7556}") = "ArenaFighter", "2. Arena Fighter\ArenaFighter.csproj", "{5329CA0A-F8E5-4011-A31C-CDB795A88BE7}"
EndProject
Global
	GlobalSection(SolutionConfigurationPlatforms) = preSolution
		Debug|Any CPU = Debug|Any CPU
		Release|Any CPU = Release|Any CPU
	EndGlobalSection
	GlobalSection(ProjectConfigurationPlatforms) = postSolution
		{5329CA0A-F8E5-4011-A31C-CDB795A88BE7}.Debug|Any CPU.ActiveCfg = Debug|Any CPU
		{5329CA0A-F8E5-4011-A31C-CDB795A88BE7}.Debug|Any CPU.Build.0 = Debug|Any CPU
		{5329CA0A-F8E5-4011-A31C-CDB795A88BE7}.Release|Any CPU.ActiveCfg = Release|Any CPU
		{5329CA0A-F8E5-4011-A31C-CDB795A88BE7}.Release|Any CPU.Build.0 = Release|Any CPU
	EndGlobalSection
	GlobalSection(SolutionProperties) = preSolution
		HideSolutionNode = FALSE
	EndGlobalSection
	GlobalSection(ExtensibilityGlobals) = postSolution
		SolutionGuid = {7E3E2893-F77E-4DA5-8938-BA118A6C0073}
	EndGlobalSection
EndGlobal
